
Microsoft Visual Studio Solution File, Format Version 12.00
# Visual Studio Version 17
VisualStudioVersion = 17.13.35919.96 d17.13
MinimumVisualStudioVersion = 10.0.40219.1
Project("{FAE04EC0-301F-11D3-BF4B-00C04F79EFBC}") = "homeWork2", "homeWork2.csproj", "{A60D6B5C-5A31-4AD6-A215-3105FEF3BBF5}"
EndProject
Global
	GlobalSection(SolutionConfigurationPlatforms) = preSolution
		Debug|Any CPU = Debug|Any CPU
		Release|Any CPU = Release|Any CPU
	EndGlobalSection
	GlobalSection(ProjectConfigurationPlatforms) = postSolution
		{A60D6B5C-5A31-4AD6-A215-3105FEF3BBF5}.Debug|Any CPU.ActiveCfg = Debug|Any CPU
		{A60D6B5C-5A31-4AD6-A215-3105FEF3BBF5}.Debug|Any CPU.Build.0 = Debug|Any CPU
		{A60D6B5C-5A31-4AD6-A215-3105FEF3BBF5}.Release|Any CPU.ActiveCfg = Release|Any CPU
		{A60D6B5C-5A31-4AD6-A215-3105FEF3BBF5}.Release|Any CPU.Build.0 = Release|Any CPU
	EndGlobalSection
	GlobalSection(SolutionProperties) = preSolution
		HideSolutionNode = FALSE
	EndGlobalSection
	GlobalSection(ExtensibilityGlobals) = postSolution
		SolutionGuid = {663D5924-B290-49B6-9F96-DA93087B1F63}
	EndGlobalSection
EndGlobal
